# This is a Gradle generated file for dependency locking.
# Manual edits can break the build and are not advised.
# This file is expected to be part of source control.
empty=androidTestApiDependenciesMetadata,androidTestCompileOnlyDependenciesMetadata,androidTestDebugApiDependenciesMetadata,androidTestDebugCompileOnlyDependenciesMetadata,androidTestDebugImplementationDependenciesMetadata,androidTestDebugIntransitiveDependenciesMetadata,androidTestImplementationDependenciesMetadata,androidTestIntransitiveDependenciesMetadata,androidTestProfileApiDependenciesMetadata,androidTestProfileCompileOnlyDependenciesMetadata,androidTestProfileImplementationDependenciesMetadata,androidTestProfileIntransitiveDependenciesMetadata,androidTestReleaseApiDependenciesMetadata,androidTestReleaseCompileOnlyDependenciesMetadata,androidTestReleaseImplementationDependenciesMetadata,androidTestReleaseIntransitiveDependenciesMetadata,androidTestUtil,compileOnlyDependenciesMetadata,coreLibraryDesugaring,debugAndroidTestAnnotationProcessorClasspath,debugAndroidTestApiDependenciesMetadata,debugAndroidTestCompileOnlyDependenciesMetadata,debugAndroidTestImplementationDependenciesMetadata,debugAndroidTestIntransitiveDependenciesMetadata,debugAndroidTestRuntimeClasspath,debugAnnotationProcessorClasspath,debugCompileOnlyDependenciesMetadata,debugIntransitiveDependenciesMetadata,debugReverseMetadataValues,debugUnitTestAnnotationProcessorClasspath,debugUnitTestApiDependenciesMetadata,debugUnitTestCompileOnlyDependenciesMetadata,debugUnitTestImplementationDependenciesMetadata,debugUnitTestIntransitiveDependenciesMetadata,debugWearBundling,intransitiveDependenciesMetadata,kotlinCompilerPluginClasspath,kotlinCompilerPluginClasspathDebug,kotlinCompilerPluginClasspathDebugAndroidTest,kotlinCompilerPluginClasspathDebugUnitTest,kotlinCompilerPluginClasspathProfile,kotlinCompilerPluginClasspathProfileUnitTest,kotlinCompilerPluginClasspathRelease,kotlinCompilerPluginClasspathReleaseUnitTest,kotlinNativeCompilerPluginClasspath,lintChecks,lintPublish,profileAnnotationProcessorClasspath,profileCompileOnlyDependenciesMetadata,profileIntransitiveDependenciesMetadata,profileReverseMetadataValues,profileUnitTestAnnotationProcessorClasspath,profileUnitTestApiDependenciesMetadata,profileUnitTestCompileOnlyDependenciesMetadata,profileUnitTestImplementationDependenciesMetadata,profileUnitTestIntransitiveDependenciesMetadata,profileWearBundling,releaseAnnotationProcessorClasspath,releaseCompileOnlyDependenciesMetadata,releaseIntransitiveDependenciesMetadata,releaseReverseMetadataValues,releaseUnitTestAnnotationProcessorClasspath,releaseUnitTestApiDependenciesMetadata,releaseUnitTestCompileOnlyDependenciesMetadata,releaseUnitTestImplementationDependenciesMetadata,releaseUnitTestIntransitiveDependenciesMetadata,releaseWearBundling,testApiDependenciesMetadata,testCompileOnlyDependenciesMetadata,testDebugApiDependenciesMetadata,testDebugCompileOnlyDependenciesMetadata,testDebugImplementationDependenciesMetadata,testDebugIntransitiveDependenciesMetadata,testFixturesApiDependenciesMetadata,testFixturesCompileOnlyDependenciesMetadata,testFixturesDebugApiDependenciesMetadata,testFixturesDebugCompileOnlyDependenciesMetadata,testFixturesDebugImplementationDependenciesMetadata,testFixturesDebugIntransitiveDependenciesMetadata,testFixturesImplementationDependenciesMetadata,testFixturesIntransitiveDependenciesMetadata,testFixturesProfileApiDependenciesMetadata,testFixturesProfileCompileOnlyDependenciesMetadata,testFixturesProfileImplementationDependenciesMetadata,testFixturesProfileIntransitiveDependenciesMetadata,testFixturesReleaseApiDependenciesMetadata,testFixturesReleaseCompileOnlyDependenciesMetadata,testFixturesReleaseImplementationDependenciesMetadata,testFixturesReleaseIntransitiveDependenciesMetadata,testImplementationDependenciesMetadata,testIntransitiveDependenciesMetadata,testProfileApiDependenciesMetadata,testProfileCompileOnlyDependenciesMetadata,testProfileImplementationDependenciesMetadata,testProfileIntransitiveDependenciesMetadata,testReleaseApiDependenciesMetadata,testReleaseCompileOnlyDependenciesMetadata,testReleaseImplementationDependenciesMetadata,testReleaseIntransitiveDependenciesMetadata
